hash: 283ffe49001e67e871229baf9f3ee14ddfb9f53e04cdba19a96224eb3a1477f1
updated: 2018-08-27T01:15:23.117141-07:00
imports:
- name: github.com/aaronarduino/goqrsvg
  version: 6036478956817b980a8cf3715de687a3b2f53505
- name: github.com/ajstarks/svgo
  version: 644b8db467afccf19a0692a3e31a1868e4287ab8
- name: github.com/aws/aws-lambda-go
  version: 2d482ef09017ae953b1e8d5a6ddac5b696663a3c
  subpackages:
  - events
  - lambda
  - lambda/messages
  - lambdacontext
- name: github.com/boombuler/barcode
  version: 3cfea5ab600ae37946be2b763b8ec2c1cf2d272d
  subpackages:
  - qr
  - utils
- name: github.com/davecgh/go-spew
  version: 8991bc29aa16c548c550c7ff78260e27b9ab7c73
  subpackages:
  - spew
testImports: []
